Microsoft Visual Studio Solution File, Format Version 12.00
# Visual Studio 2012
Project("{FAE04EC0-301F-11D3-BF4B-00C04F79EFBC}") = "SujinsServer", "SujinsServer.csproj", "{32CF07C7-D612-4166-A3E7-00933D3FCC9B}"
EndProject
Global
	GlobalSection(SolutionConfigurationPlatforms) = preSolution
	Debug|Any CPU = Debug|Any CPU
	ExportDebug|Any CPU = ExportDebug|Any CPU
	ExportRelease|Any CPU = ExportRelease|Any CPU
	EndGlobalSection
	GlobalSection(ProjectConfigurationPlatforms) = postSolution
		{32CF07C7-D612-4166-A3E7-00933D3FCC9B}.Debug|Any CPU.ActiveCfg = Debug|Any CPU
		{32CF07C7-D612-4166-A3E7-00933D3FCC9B}.Debug|Any CPU.Build.0 = Debug|Any CPU
		{32CF07C7-D612-4166-A3E7-00933D3FCC9B}.ExportDebug|Any CPU.ActiveCfg = ExportDebug|Any CPU
		{32CF07C7-D612-4166-A3E7-00933D3FCC9B}.ExportDebug|Any CPU.Build.0 = ExportDebug|Any CPU
		{32CF07C7-D612-4166-A3E7-00933D3FCC9B}.ExportRelease|Any CPU.ActiveCfg = ExportRelease|Any CPU
		{32CF07C7-D612-4166-A3E7-00933D3FCC9B}.ExportRelease|Any CPU.Build.0 = ExportRelease|Any CPU
	EndGlobalSection
EndGlobal
